
Microsoft Visual Studio Solution File, Format Version 12.00
# Visual Studio Version 16
VisualStudioVersion = 16.0.30717.126
MinimumVisualStudioVersion = 10.0.40219.1
Project("{FAE04EC0-301F-11D3-BF4B-00C04F79EFBC}") = "StudentClassDemo", "StudentClassDemo.csproj", "{7FD24EF5-0318-4CA6-92D6-742820B7FA89}"
EndProject
Global
	GlobalSection(SolutionConfigurationPlatforms) = preSolution
		Debug|Any CPU = Debug|Any CPU
		Release|Any CPU = Release|Any CPU
	EndGlobalSection
	GlobalSection(ProjectConfigurationPlatforms) = postSolution
		{7FD24EF5-0318-4CA6-92D6-742820B7FA89}.Debug|Any CPU.ActiveCfg = Debug|Any CPU
		{7FD24EF5-0318-4CA6-92D6-742820B7FA89}.Debug|Any CPU.Build.0 = Debug|Any CPU
		{7FD24EF5-0318-4CA6-92D6-742820B7FA89}.Release|Any CPU.ActiveCfg = Release|Any CPU
		{7FD24EF5-0318-4CA6-92D6-742820B7FA89}.Release|Any CPU.Build.0 = Release|Any CPU
	EndGlobalSection
	GlobalSection(SolutionProperties) = preSolution
		HideSolutionNode = FALSE
	EndGlobalSection
	GlobalSection(ExtensibilityGlobals) = postSolution
		SolutionGuid = {1EEEF5CB-7EEF-4693-8097-F0D7B02786D5}
	EndGlobalSection
EndGlobal
